
Microsoft Visual Studio Solution File, Format Version 12.00
# Visual Studio 15
VisualStudioVersion = 15.0.27004.2010
MinimumVisualStudioVersion = 10.0.40219.1
Project("{8BC9CEB8-8B4A-11D0-8D11-00A0C91BC942}") = "shf-cpp", "shf-cpp\shf-cpp.vcxproj", "{01795E13-6DA8-4837-9F13-305920CE3CD4}"
EndProject
Global
	GlobalSection(SolutionConfigurationPlatforms) = preSolution
		Console|x64 = Console|x64
		Console|x86 = Console|x86
		Debug|x64 = Debug|x64
		Debug|x86 = Debug|x86
		NoConsole|x64 = NoConsole|x64
		NoConsole|x86 = NoConsole|x86
		Release|x64 = Release|x64
		Release|x86 = Release|x86
	EndGlobalSection
	GlobalSection(ProjectConfigurationPlatforms) = postSolution
		{01795E13-6DA8-4837-9F13-305920CE3CD4}.Console|x64.ActiveCfg = Console|x64
		{01795E13-6DA8-4837-9F13-305920CE3CD4}.Console|x64.Build.0 = Console|x64
		{01795E13-6DA8-4837-9F13-305920CE3CD4}.Console|x86.ActiveCfg = Console|Win32
		{01795E13-6DA8-4837-9F13-305920CE3CD4}.Console|x86.Build.0 = Console|Win32
		{01795E13-6DA8-4837-9F13-305920CE3CD4}.Debug|x64.ActiveCfg = Debug|x64
		{01795E13-6DA8-4837-9F13-305920CE3CD4}.Debug|x64.Build.0 = Debug|x64
		{01795E13-6DA8-4837-9F13-305920CE3CD4}.Debug|x86.ActiveCfg = Debug|Win32
		{01795E13-6DA8-4837-9F13-305920CE3CD4}.Debug|x86.Build.0 = Debug|Win32
		{01795E13-6DA8-4837-9F13-305920CE3CD4}.NoConsole|x64.ActiveCfg = NoConsole|x64
		{01795E13-6DA8-4837-9F13-305920CE3CD4}.NoConsole|x64.Build.0 = NoConsole|x64
		{01795E13-6DA8-4837-9F13-305920CE3CD4}.NoConsole|x86.ActiveCfg = NoConsole|Win32
		{01795E13-6DA8-4837-9F13-305920CE3CD4}.NoConsole|x86.Build.0 = NoConsole|Win32
		{01795E13-6DA8-4837-9F13-305920CE3CD4}.Release|x64.ActiveCfg = Release|x64
		{01795E13-6DA8-4837-9F13-305920CE3CD4}.Release|x64.Build.0 = Release|x64
		{01795E13-6DA8-4837-9F13-305920CE3CD4}.Release|x86.ActiveCfg = Release|Win32
		{01795E13-6DA8-4837-9F13-305920CE3CD4}.Release|x86.Build.0 = Release|Win32
	EndGlobalSection
	GlobalSection(SolutionProperties) = preSolution
		HideSolutionNode = FALSE
	EndGlobalSection
	GlobalSection(ExtensibilityGlobals) = postSolution
		SolutionGuid = {647F0BAC-3977-4CD9-AB95-C7D47ED66282}
	EndGlobalSection
EndGlobal
