<?xml version="1.0" encoding="utf-8"?>
<Project ToolsVersion="4.0" xmlns="http://schemas.microsoft.com/developer/msbuild/2003">
  <ItemGroup>
    <Filter Include="Source Files">
      <UniqueIdentifier>{34F50FD9-42C2-436F-958A-C256009893A7}</UniqueIdentifier>
      <Extensions>cpp;c</Extensions>
    </Filter>
    <Filter Include="Header Files">
      <UniqueIdentifier>{7EF240E2-E4EC-4EF1-B8D7-E38E9851EEB5}</UniqueIdentifier>
      <Extensions>h;hpp</Extensions>
    </Filter>
  </ItemGroup>
  <ItemGroup>
    <ClCompile Include="..\..\updater\DesktopProgramUpdater.cpp">
      <Filter>Source Files</Filter>
    </ClCompile>
    <ClCompile Include="..\..\updater\main.cpp">
      <Filter>Source Files</Filter>
    </ClCompile>
  </ItemGroup>
  <ItemGroup>
    <ClInclude Include="..\..\updater\DesktopProgramUpdater.h">
      <Filter>Header Files</Filter>
    </ClInclude>
  </ItemGroup>
</Project>
