<?xml version="1.0" encoding="utf-8"?>
<Project ToolsVersion="4.0" xmlns="http://schemas.microsoft.com/developer/msbuild/2003">
  <ItemGroup>
    <Filter Include="源文件">
      <UniqueIdentifier>{4FC737F1-C7A5-4376-A066-2A32D752A2FF}</UniqueIdentifier>
      <Extensions>cpp;c;cc;cxx;def;odl;idl;hpj;bat;asm;asmx</Extensions>
    </Filter>
    <Filter Include="头文件">
      <UniqueIdentifier>{93995380-89BD-4b04-88EB-625FBE52EBFB}</UniqueIdentifier>
      <Extensions>h;hh;hpp;hxx;hm;inl;inc;xsd</Extensions>
    </Filter>
    <Filter Include="资源文件">
      <UniqueIdentifier>{67DA6AB6-F800-4c08-8B7A-83BB121AAD01}</UniqueIdentifier>
      <Extensions>rc;ico;cur;bmp;dlg;rc2;rct;bin;rgs;gif;jpg;jpeg;jpe;resx;tiff;tif;png;wav;mfcribbon-ms</Extensions>
    </Filter>
    <Filter Include="lib">
      <UniqueIdentifier>{f76e4d0c-35c6-4a98-a469-a2fa223f1898}</UniqueIdentifier>
    </Filter>
    <Filter Include="lib\SDL2">
      <UniqueIdentifier>{3eb1c72c-b156-49c6-abc3-77ac7391dd36}</UniqueIdentifier>
    </Filter>
    <Filter Include="lib\FMOD">
      <UniqueIdentifier>{34fc880c-b941-4fad-8ee3-dccbb2347b1c}</UniqueIdentifier>
    </Filter>
    <Filter Include="lib\ffmpeg">
      <UniqueIdentifier>{85399371-1686-4a76-b749-06ea5c0ec4e2}</UniqueIdentifier>
    </Filter>
    <Filter Include="Engine">
      <UniqueIdentifier>{b4287ce6-9271-49f3-95b1-bfa7bd4ad0c7}</UniqueIdentifier>
    </Filter>
    <Filter Include="File">
      <UniqueIdentifier>{a498b37e-7816-412e-9d3a-e15fcb2c0150}</UniqueIdentifier>
    </Filter>
    <Filter Include="libconvert">
      <UniqueIdentifier>{276ed76e-6637-4de0-9281-347bec07654d}</UniqueIdentifier>
    </Filter>
    <Filter Include="Image">
      <UniqueIdentifier>{28f3ffac-1ab8-4330-8498-80b948f41080}</UniqueIdentifier>
    </Filter>
    <Filter Include="Types">
      <UniqueIdentifier>{ea7fe525-023d-43ca-83ce-722d35b8f422}</UniqueIdentifier>
    </Filter>
    <Filter Include="Game">
      <UniqueIdentifier>{61f31de0-2340-4db9-ba93-d9faabe6c9bf}</UniqueIdentifier>
    </Filter>
    <Filter Include="Component">
      <UniqueIdentifier>{fa173379-ed1f-4d44-8645-0ee486112b10}</UniqueIdentifier>
    </Filter>
    <Filter Include="Engine\miniLZO">
      <UniqueIdentifier>{2e790eb2-33f8-4990-8c0d-5a0f3b25d6da}</UniqueIdentifier>
    </Filter>
    <Filter Include="Weather">
      <UniqueIdentifier>{8f59e0a1-5c2f-46da-a31a-af4cc1a80faa}</UniqueIdentifier>
    </Filter>
    <Filter Include="Element">
      <UniqueIdentifier>{ea4dfcd6-bd51-4765-8f63-9c16098ab088}</UniqueIdentifier>
    </Filter>
    <Filter Include="Game\Data">
      <UniqueIdentifier>{63c02381-4e69-4da4-96fe-fa531de953f3}</UniqueIdentifier>
    </Filter>
    <Filter Include="Game\Scene">
      <UniqueIdentifier>{b7d7e3e3-9c76-45eb-89a4-e66f14d946e5}</UniqueIdentifier>
    </Filter>
    <Filter Include="Game\Script">
      <UniqueIdentifier>{53dbe624-1683-4265-85a5-e6efb7568104}</UniqueIdentifier>
    </Filter>
    <Filter Include="Game\Menu">
      <UniqueIdentifier>{50e45adc-e6f6-472f-9fa5-9aa70957d9db}</UniqueIdentifier>
    </Filter>
    <Filter Include="Game\Config">
      <UniqueIdentifier>{de590541-c8b1-4038-ba01-b6a7126c4002}</UniqueIdentifier>
    </Filter>
    <Filter Include="Game\Script\Lua">
      <UniqueIdentifier>{28ee957c-e2a4-45d0-ad22-2bc83c43025f}</UniqueIdentifier>
    </Filter>
    <Filter Include="Game\GameManager">
      <UniqueIdentifier>{c7429a16-50cc-4b94-b36d-093954e07aa1}</UniqueIdentifier>
    </Filter>
  </ItemGroup>
  <ItemGroup>
    <Library Include="lib\ffmpeg\avcodec.lib">
      <Filter>lib\ffmpeg</Filter>
    </Library>
    <Library Include="lib\ffmpeg\avformat.lib">
      <Filter>lib\ffmpeg</Filter>
    </Library>
    <Library Include="lib\ffmpeg\avutil.lib">
      <Filter>lib\ffmpeg</Filter>
    </Library>
    <Library Include="lib\ffmpeg\swresample.lib">
      <Filter>lib\ffmpeg</Filter>
    </Library>
    <Library Include="lib\ffmpeg\swscale.lib">
      <Filter>lib\ffmpeg</Filter>
    </Library>
    <Library Include="lib\FMOD\fmod_vc.lib">
      <Filter>lib\FMOD</Filter>
    </Library>
    <Library Include="lib\SDL2\SDL2.lib">
      <Filter>lib\SDL2</Filter>
    </Library>
    <Library Include="lib\SDL2\SDL2_image.lib">
      <Filter>lib\SDL2</Filter>
    </Library>
    <Library Include="lib\SDL2\SDL2_ttf.lib">
      <Filter>lib\SDL2</Filter>
    </Library>
    <Library Include="lib\SDL2\SDL2main.lib">
      <Filter>lib\SDL2</Filter>
    </Library>
  </ItemGroup>
  <ItemGroup>
    <ClCompile Include="src\Engine\Engine.cpp">
      <Filter>Engine</Filter>
    </ClCompile>
    <ClCompile Include="src\Engine\EngineBase.cpp">
      <Filter>Engine</Filter>
    </ClCompile>
    <ClCompile Include="src\File\File.cpp">
      <Filter>File</Filter>
    </ClCompile>
    <ClCompile Include="src\Game\Game.cpp">
      <Filter>Game</Filter>
    </ClCompile>
    <ClCompile Include="src\Image\IMP.cpp">
      <Filter>Image</Filter>
    </ClCompile>
    <ClCompile Include="src\libconvert\libconvert.cpp">
      <Filter>libconvert</Filter>
    </ClCompile>
    <ClCompile Include="src\shf-cpp.cpp">
      <Filter>源文件</Filter>
    </ClCompile>
    <ClCompile Include="src\Component\Button.cpp">
      <Filter>Component</Filter>
    </ClCompile>
    <ClCompile Include="src\Component\VideoContainer.cpp">
      <Filter>Component</Filter>
    </ClCompile>
    <ClCompile Include="src\Engine\minilzo\minilzo.c">
      <Filter>Engine\miniLZO</Filter>
    </ClCompile>
    <ClCompile Include="src\File\PakFile.cpp">
      <Filter>File</Filter>
    </ClCompile>
    <ClCompile Include="src\File\INIReader.cpp">
      <Filter>File</Filter>
    </ClCompile>
    <ClCompile Include="src\File\ini.cpp">
      <Filter>File</Filter>
    </ClCompile>
    <ClCompile Include="src\Weather\Weather.cpp">
      <Filter>Weather</Filter>
    </ClCompile>
    <ClCompile Include="src\Component\DragButton.cpp">
      <Filter>Component</Filter>
    </ClCompile>
    <ClCompile Include="src\Component\ImageContainer.cpp">
      <Filter>Component</Filter>
    </ClCompile>
    <ClCompile Include="src\Component\Scrollbar.cpp">
      <Filter>Component</Filter>
    </ClCompile>
    <ClCompile Include="src\Element\Element.cpp">
      <Filter>Element</Filter>
    </ClCompile>
    <ClCompile Include="src\Component\Panel.cpp">
      <Filter>Component</Filter>
    </ClCompile>
    <ClCompile Include="src\Component\Item.cpp">
      <Filter>Component</Filter>
    </ClCompile>
    <ClCompile Include="src\Game\Scene\Title.cpp">
      <Filter>Game\Scene</Filter>
    </ClCompile>
    <ClCompile Include="src\Game\Scene\VideoPlayer.cpp">
      <Filter>Game\Scene</Filter>
    </ClCompile>
    <ClCompile Include="src\Game\Scene\TitleTeam.cpp">
      <Filter>Game\Scene</Filter>
    </ClCompile>
    <ClCompile Include="src\Game\Config\Config.cpp">
      <Filter>Game\Config</Filter>
    </ClCompile>
    <ClCompile Include="src\Game\Script\Script.cpp">
      <Filter>Game\Script</Filter>
    </ClCompile>
    <ClCompile Include="src\Game\Script\lua\lapi.c">
      <Filter>Game\Script\Lua</Filter>
    </ClCompile>
    <ClCompile Include="src\Game\Script\lua\lauxlib.c">
      <Filter>Game\Script\Lua</Filter>
    </ClCompile>
    <ClCompile Include="src\Game\Script\lua\lbaselib.c">
      <Filter>Game\Script\Lua</Filter>
    </ClCompile>
    <ClCompile Include="src\Game\Script\lua\lbitlib.c">
      <Filter>Game\Script\Lua</Filter>
    </ClCompile>
    <ClCompile Include="src\Game\Script\lua\lcode.c">
      <Filter>Game\Script\Lua</Filter>
    </ClCompile>
    <ClCompile Include="src\Game\Script\lua\lcorolib.c">
      <Filter>Game\Script\Lua</Filter>
    </ClCompile>
    <ClCompile Include="src\Game\Script\lua\lctype.c">
      <Filter>Game\Script\Lua</Filter>
    </ClCompile>
    <ClCompile Include="src\Game\Script\lua\ldblib.c">
      <Filter>Game\Script\Lua</Filter>
    </ClCompile>
    <ClCompile Include="src\Game\Script\lua\ldebug.c">
      <Filter>Game\Script\Lua</Filter>
    </ClCompile>
    <ClCompile Include="src\Game\Script\lua\ldo.c">
      <Filter>Game\Script\Lua</Filter>
    </ClCompile>
    <ClCompile Include="src\Game\Script\lua\ldump.c">
      <Filter>Game\Script\Lua</Filter>
    </ClCompile>
    <ClCompile Include="src\Game\Script\lua\lfunc.c">
      <Filter>Game\Script\Lua</Filter>
    </ClCompile>
    <ClCompile Include="src\Game\Script\lua\lgc.c">
      <Filter>Game\Script\Lua</Filter>
    </ClCompile>
    <ClCompile Include="src\Game\Script\lua\linit.c">
      <Filter>Game\Script\Lua</Filter>
    </ClCompile>
    <ClCompile Include="src\Game\Script\lua\liolib.c">
      <Filter>Game\Script\Lua</Filter>
    </ClCompile>
    <ClCompile Include="src\Game\Script\lua\llex.c">
      <Filter>Game\Script\Lua</Filter>
    </ClCompile>
    <ClCompile Include="src\Game\Script\lua\lmathlib.c">
      <Filter>Game\Script\Lua</Filter>
    </ClCompile>
    <ClCompile Include="src\Game\Script\lua\lmem.c">
      <Filter>Game\Script\Lua</Filter>
    </ClCompile>
    <ClCompile Include="src\Game\Script\lua\loadlib.c">
      <Filter>Game\Script\Lua</Filter>
    </ClCompile>
    <ClCompile Include="src\Game\Script\lua\lobject.c">
      <Filter>Game\Script\Lua</Filter>
    </ClCompile>
    <ClCompile Include="src\Game\Script\lua\lopcodes.c">
      <Filter>Game\Script\Lua</Filter>
    </ClCompile>
    <ClCompile Include="src\Game\Script\lua\loslib.c">
      <Filter>Game\Script\Lua</Filter>
    </ClCompile>
    <ClCompile Include="src\Game\Script\lua\lparser.c">
      <Filter>Game\Script\Lua</Filter>
    </ClCompile>
    <ClCompile Include="src\Game\Script\lua\lstate.c">
      <Filter>Game\Script\Lua</Filter>
    </ClCompile>
    <ClCompile Include="src\Game\Script\lua\lstring.c">
      <Filter>Game\Script\Lua</Filter>
    </ClCompile>
    <ClCompile Include="src\Game\Script\lua\lstrlib.c">
      <Filter>Game\Script\Lua</Filter>
    </ClCompile>
    <ClCompile Include="src\Game\Script\lua\ltable.c">
      <Filter>Game\Script\Lua</Filter>
    </ClCompile>
    <ClCompile Include="src\Game\Script\lua\ltablib.c">
      <Filter>Game\Script\Lua</Filter>
    </ClCompile>
    <ClCompile Include="src\Game\Script\lua\ltm.c">
      <Filter>Game\Script\Lua</Filter>
    </ClCompile>
    <ClCompile Include="src\Game\Script\lua\lundump.c">
      <Filter>Game\Script\Lua</Filter>
    </ClCompile>
    <ClCompile Include="src\Game\Script\lua\lutf8lib.c">
      <Filter>Game\Script\Lua</Filter>
    </ClCompile>
    <ClCompile Include="src\Game\Script\lua\lvm.c">
      <Filter>Game\Script\Lua</Filter>
    </ClCompile>
    <ClCompile Include="src\Game\Script\lua\lzio.c">
      <Filter>Game\Script\Lua</Filter>
    </ClCompile>
    <ClCompile Include="src\Game\Data\Global.cpp">
      <Filter>Game\Data</Filter>
    </ClCompile>
    <ClCompile Include="src\Game\Scene\MainScene.cpp">
      <Filter>Game\Scene</Filter>
    </ClCompile>
    <ClCompile Include="src\Game\Menu\SaveLoad.cpp">
      <Filter>Game\Menu</Filter>
    </ClCompile>
    <ClCompile Include="src\Component\ListBox.cpp">
      <Filter>Component</Filter>
    </ClCompile>
    <ClCompile Include="src\Game\Data\Map.cpp">
      <Filter>Game\Data</Filter>
    </ClCompile>
    <ClCompile Include="src\Game\Data\Memo.cpp">
      <Filter>Game\Data</Filter>
    </ClCompile>
    <ClCompile Include="src\Game\Data\Traps.cpp">
      <Filter>Game\Data</Filter>
    </ClCompile>
    <ClCompile Include="src\Component\Label.cpp">
      <Filter>Component</Filter>
    </ClCompile>
    <ClCompile Include="src\Component\CheckBox.cpp">
      <Filter>Component</Filter>
    </ClCompile>
    <ClCompile Include="src\Game\Data\GameElement.cpp">
      <Filter>Game\Data</Filter>
    </ClCompile>
    <ClCompile Include="src\Game\Data\Camera.cpp">
      <Filter>Game\Data</Filter>
    </ClCompile>
    <ClCompile Include="src\Game\Data\NPC.cpp">
      <Filter>Game\Data</Filter>
    </ClCompile>
    <ClCompile Include="src\Game\Data\Player.cpp">
      <Filter>Game\Data</Filter>
    </ClCompile>
    <ClCompile Include="src\Game\Data\Object.cpp">
      <Filter>Game\Data</Filter>
    </ClCompile>
    <ClCompile Include="src\Game\Data\Effect.cpp">
      <Filter>Game\Data</Filter>
    </ClCompile>
    <ClCompile Include="src\Game\Data\NPCManager.cpp">
      <Filter>Game\Data</Filter>
    </ClCompile>
    <ClCompile Include="src\Game\Data\ObjectManager.cpp">
      <Filter>Game\Data</Filter>
    </ClCompile>
    <ClCompile Include="src\Game\Data\EffectManager.cpp">
      <Filter>Game\Data</Filter>
    </ClCompile>
    <ClCompile Include="src\Game\Data\VariableList.cpp">
      <Filter>Game\Data</Filter>
    </ClCompile>
    <ClCompile Include="src\Game\Data\GoodsManager.cpp">
      <Filter>Game\Data</Filter>
    </ClCompile>
    <ClCompile Include="src\Game\Data\Magic.cpp">
      <Filter>Game\Data</Filter>
    </ClCompile>
    <ClCompile Include="src\Game\Data\MagicManager.cpp">
      <Filter>Game\Data</Filter>
    </ClCompile>
    <ClCompile Include="src\Component\MemoText.cpp">
      <Filter>Component</Filter>
    </ClCompile>
    <ClCompile Include="src\Game\Menu\MemoMenu.cpp">
      <Filter>Game\Menu</Filter>
    </ClCompile>
    <ClCompile Include="src\Game\Data\Goods.cpp">
      <Filter>Game\Data</Filter>
    </ClCompile>
    <ClCompile Include="src\Game\Menu\System.cpp">
      <Filter>Game\Menu</Filter>
    </ClCompile>
    <ClCompile Include="src\Game\GameManager\MenuController.cpp">
      <Filter>Game\GameManager</Filter>
    </ClCompile>
    <ClCompile Include="src\Game\Menu\Option.cpp">
      <Filter>Game\Menu</Filter>
    </ClCompile>
    <ClCompile Include="src\Game\Menu\YesNo.cpp">
      <Filter>Game\Menu</Filter>
    </ClCompile>
    <ClCompile Include="src\Game\Menu\ToolTip.cpp">
      <Filter>Game\Menu</Filter>
    </ClCompile>
    <ClCompile Include="src\Game\Menu\Dialog.cpp">
      <Filter>Game\Menu</Filter>
    </ClCompile>
    <ClCompile Include="src\Game\Menu\BottomMenu.cpp">
      <Filter>Game\Menu</Filter>
    </ClCompile>
    <ClCompile Include="src\Game\Menu\StateMenu.cpp">
      <Filter>Game\Menu</Filter>
    </ClCompile>
    <ClCompile Include="src\Game\Menu\ColumnMenu.cpp">
      <Filter>Game\Menu</Filter>
    </ClCompile>
    <ClCompile Include="src\Component\ColumnImage.cpp">
      <Filter>Component</Filter>
    </ClCompile>
    <ClCompile Include="src\Game\Menu\EquipMenu.cpp">
      <Filter>Game\Menu</Filter>
    </ClCompile>
    <ClCompile Include="src\Game\Menu\PracticeMenu.cpp">
      <Filter>Game\Menu</Filter>
    </ClCompile>
    <ClCompile Include="src\Game\Menu\GoodsMenu.cpp">
      <Filter>Game\Menu</Filter>
    </ClCompile>
    <ClCompile Include="src\Game\Menu\MagicMenu.cpp">
      <Filter>Game\Menu</Filter>
    </ClCompile>
    <ClCompile Include="src\Game\Menu\BuySellMenu.cpp">
      <Filter>Game\Menu</Filter>
    </ClCompile>
    <ClCompile Include="src\Game\Data\PartnerManager.cpp">
      <Filter>Game\Data</Filter>
    </ClCompile>
    <ClCompile Include="src\Component\TalkLabel.cpp">
      <Filter>Component</Filter>
    </ClCompile>
    <ClCompile Include="src\Component\FadeMask.cpp">
      <Filter>Component</Filter>
    </ClCompile>
    <ClCompile Include="src\Game\Menu\MsgBox.cpp">
      <Filter>Game\Menu</Filter>
    </ClCompile>
    <ClCompile Include="src\Game\Data\CollisionDetector.cpp">
      <Filter>Game\Data</Filter>
    </ClCompile>
    <ClCompile Include="src\Component\TransImage.cpp">
      <Filter>Component</Filter>
    </ClCompile>
    <ClCompile Include="src\Game\GameManager\GameManager.cpp">
      <Filter>Game\GameManager</Filter>
    </ClCompile>
    <ClCompile Include="src\Game\GameManager\BottomWndController.cpp">
      <Filter>Game\GameManager</Filter>
    </ClCompile>
    <ClCompile Include="src\Game\GameManager\GameController.cpp">
      <Filter>Game\GameManager</Filter>
    </ClCompile>
  </ItemGroup>
  <ItemGroup>
    <ClInclude Include="src\Engine\Engine.h">
      <Filter>Engine</Filter>
    </ClInclude>
    <ClInclude Include="src\Engine\EngineBase.h">
      <Filter>Engine</Filter>
    </ClInclude>
    <ClInclude Include="src\File\File.h">
      <Filter>File</Filter>
    </ClInclude>
    <ClInclude Include="src\Game\Game.h">
      <Filter>Game</Filter>
    </ClInclude>
    <ClInclude Include="src\Image\IMP.h">
      <Filter>Image</Filter>
    </ClInclude>
    <ClInclude Include="src\libconvert\libconvert.h">
      <Filter>libconvert</Filter>
    </ClInclude>
    <ClInclude Include="src\Types\CommonTypes.h">
      <Filter>Types</Filter>
    </ClInclude>
    <ClInclude Include="src\Types\ElementTypes.h">
      <Filter>Types</Filter>
    </ClInclude>
    <ClInclude Include="src\Types\EventTypes.h">
      <Filter>Types</Filter>
    </ClInclude>
    <ClInclude Include="src\Types\ImagePackageFile.h">
      <Filter>Types</Filter>
    </ClInclude>
    <ClInclude Include="src\Types\Types.h">
      <Filter>Types</Filter>
    </ClInclude>
    <ClInclude Include="src\shf-cpp.h">
      <Filter>头文件</Filter>
    </ClInclude>
    <ClInclude Include="src\Component\Button.h">
      <Filter>Component</Filter>
    </ClInclude>
    <ClInclude Include="src\Component\VideoContainer.h">
      <Filter>Component</Filter>
    </ClInclude>
    <ClInclude Include="src\Component\Component.h">
      <Filter>Component</Filter>
    </ClInclude>
    <ClInclude Include="src\Types\MapTypes.h">
      <Filter>Types</Filter>
    </ClInclude>
    <ClInclude Include="src\Engine\minilzo\minilzo.h">
      <Filter>Engine\miniLZO</Filter>
    </ClInclude>
    <ClInclude Include="src\Engine\minilzo\lzoconf.h">
      <Filter>Engine\miniLZO</Filter>
    </ClInclude>
    <ClInclude Include="src\Engine\minilzo\lzodefs.h">
      <Filter>Engine\miniLZO</Filter>
    </ClInclude>
    <ClInclude Include="src\File\PakFile.h">
      <Filter>File</Filter>
    </ClInclude>
    <ClInclude Include="src\Types\PakTypes.h">
      <Filter>Types</Filter>
    </ClInclude>
    <ClInclude Include="src\File\ini.h">
      <Filter>File</Filter>
    </ClInclude>
    <ClInclude Include="src\File\INIReader.h">
      <Filter>File</Filter>
    </ClInclude>
    <ClInclude Include="src\Weather\Weather.h">
      <Filter>Weather</Filter>
    </ClInclude>
    <ClInclude Include="src\Types\WeatherTypes.h">
      <Filter>Types</Filter>
    </ClInclude>
    <ClInclude Include="src\Component\DragButton.h">
      <Filter>Component</Filter>
    </ClInclude>
    <ClInclude Include="src\Component\ImageContainer.h">
      <Filter>Component</Filter>
    </ClInclude>
    <ClInclude Include="src\Component\Scrollbar.h">
      <Filter>Component</Filter>
    </ClInclude>
    <ClInclude Include="src\Element\Element.h">
      <Filter>Element</Filter>
    </ClInclude>
    <ClInclude Include="src\Types\ComponentTypes.h">
      <Filter>Types</Filter>
    </ClInclude>
    <ClInclude Include="src\Component\Panel.h">
      <Filter>Component</Filter>
    </ClInclude>
    <ClInclude Include="src\Component\Item.h">
      <Filter>Component</Filter>
    </ClInclude>
    <ClInclude Include="src\Game\Scene\Title.h">
      <Filter>Game\Scene</Filter>
    </ClInclude>
    <ClInclude Include="src\Game\Scene\VideoPlayer.h">
      <Filter>Game\Scene</Filter>
    </ClInclude>
    <ClInclude Include="src\Game\Scene\TitleTeam.h">
      <Filter>Game\Scene</Filter>
    </ClInclude>
    <ClInclude Include="src\Game\Config\Config.h">
      <Filter>Game\Config</Filter>
    </ClInclude>
    <ClInclude Include="src\Game\Script\Script.h">
      <Filter>Game\Script</Filter>
    </ClInclude>
    <ClInclude Include="src\Game\Script\lua\lapi.h">
      <Filter>Game\Script\Lua</Filter>
    </ClInclude>
    <ClInclude Include="src\Game\Script\lua\lauxlib.h">
      <Filter>Game\Script\Lua</Filter>
    </ClInclude>
    <ClInclude Include="src\Game\Script\lua\lcode.h">
      <Filter>Game\Script\Lua</Filter>
    </ClInclude>
    <ClInclude Include="src\Game\Script\lua\lctype.h">
      <Filter>Game\Script\Lua</Filter>
    </ClInclude>
    <ClInclude Include="src\Game\Script\lua\ldebug.h">
      <Filter>Game\Script\Lua</Filter>
    </ClInclude>
    <ClInclude Include="src\Game\Script\lua\ldo.h">
      <Filter>Game\Script\Lua</Filter>
    </ClInclude>
    <ClInclude Include="src\Game\Script\lua\lfunc.h">
      <Filter>Game\Script\Lua</Filter>
    </ClInclude>
    <ClInclude Include="src\Game\Script\lua\lgc.h">
      <Filter>Game\Script\Lua</Filter>
    </ClInclude>
    <ClInclude Include="src\Game\Script\lua\llex.h">
      <Filter>Game\Script\Lua</Filter>
    </ClInclude>
    <ClInclude Include="src\Game\Script\lua\llimits.h">
      <Filter>Game\Script\Lua</Filter>
    </ClInclude>
    <ClInclude Include="src\Game\Script\lua\lmem.h">
      <Filter>Game\Script\Lua</Filter>
    </ClInclude>
    <ClInclude Include="src\Game\Script\lua\lobject.h">
      <Filter>Game\Script\Lua</Filter>
    </ClInclude>
    <ClInclude Include="src\Game\Script\lua\lopcodes.h">
      <Filter>Game\Script\Lua</Filter>
    </ClInclude>
    <ClInclude Include="src\Game\Script\lua\lparser.h">
      <Filter>Game\Script\Lua</Filter>
    </ClInclude>
    <ClInclude Include="src\Game\Script\lua\lprefix.h">
      <Filter>Game\Script\Lua</Filter>
    </ClInclude>
    <ClInclude Include="src\Game\Script\lua\lstate.h">
      <Filter>Game\Script\Lua</Filter>
    </ClInclude>
    <ClInclude Include="src\Game\Script\lua\lstring.h">
      <Filter>Game\Script\Lua</Filter>
    </ClInclude>
    <ClInclude Include="src\Game\Script\lua\ltable.h">
      <Filter>Game\Script\Lua</Filter>
    </ClInclude>
    <ClInclude Include="src\Game\Script\lua\ltm.h">
      <Filter>Game\Script\Lua</Filter>
    </ClInclude>
    <ClInclude Include="src\Game\Script\lua\lua.h">
      <Filter>Game\Script\Lua</Filter>
    </ClInclude>
    <ClInclude Include="src\Game\Script\lua\lua.hpp">
      <Filter>Game\Script\Lua</Filter>
    </ClInclude>
    <ClInclude Include="src\Game\Script\lua\luaconf.h">
      <Filter>Game\Script\Lua</Filter>
    </ClInclude>
    <ClInclude Include="src\Game\Script\lua\lualib.h">
      <Filter>Game\Script\Lua</Filter>
    </ClInclude>
    <ClInclude Include="src\Game\Script\lua\lundump.h">
      <Filter>Game\Script\Lua</Filter>
    </ClInclude>
    <ClInclude Include="src\Game\Script\lua\lvm.h">
      <Filter>Game\Script\Lua</Filter>
    </ClInclude>
    <ClInclude Include="src\Game\Script\lua\lzio.h">
      <Filter>Game\Script\Lua</Filter>
    </ClInclude>
    <ClInclude Include="src\Game\Data\Global.h">
      <Filter>Game\Data</Filter>
    </ClInclude>
    <ClInclude Include="src\Game\GameTypes.h">
      <Filter>Game</Filter>
    </ClInclude>
    <ClInclude Include="src\Game\Scene\MainScene.h">
      <Filter>Game\Scene</Filter>
    </ClInclude>
    <ClInclude Include="src\Game\Menu\SaveLoad.h">
      <Filter>Game\Menu</Filter>
    </ClInclude>
    <ClInclude Include="src\Component\ListBox.h">
      <Filter>Component</Filter>
    </ClInclude>
    <ClInclude Include="src\Game\Menu\Menu.h">
      <Filter>Game\Menu</Filter>
    </ClInclude>
    <ClInclude Include="src\Game\Data\Map.h">
      <Filter>Game\Data</Filter>
    </ClInclude>
    <ClInclude Include="src\Game\Data\Data.h">
      <Filter>Game\Data</Filter>
    </ClInclude>
    <ClInclude Include="src\Game\Data\Memo.h">
      <Filter>Game\Data</Filter>
    </ClInclude>
    <ClInclude Include="src\Game\Data\Traps.h">
      <Filter>Game\Data</Filter>
    </ClInclude>
    <ClInclude Include="src\Component\Label.h">
      <Filter>Component</Filter>
    </ClInclude>
    <ClInclude Include="src\Component\CheckBox.h">
      <Filter>Component</Filter>
    </ClInclude>
    <ClInclude Include="src\Game\Data\Camera.h">
      <Filter>Game\Data</Filter>
    </ClInclude>
    <ClInclude Include="src\Game\Data\GameElement.h">
      <Filter>Game\Data</Filter>
    </ClInclude>
    <ClInclude Include="src\Game\Data\NPC.h">
      <Filter>Game\Data</Filter>
    </ClInclude>
    <ClInclude Include="src\Game\Data\Player.h">
      <Filter>Game\Data</Filter>
    </ClInclude>
    <ClInclude Include="src\Game\Data\Object.h">
      <Filter>Game\Data</Filter>
    </ClInclude>
    <ClInclude Include="src\Game\Data\Effect.h">
      <Filter>Game\Data</Filter>
    </ClInclude>
    <ClInclude Include="src\Game\Data\NPCManager.h">
      <Filter>Game\Data</Filter>
    </ClInclude>
    <ClInclude Include="src\Game\Data\ObjectManager.h">
      <Filter>Game\Data</Filter>
    </ClInclude>
    <ClInclude Include="src\Game\Data\EffectManager.h">
      <Filter>Game\Data</Filter>
    </ClInclude>
    <ClInclude Include="src\Game\Data\VariableList.h">
      <Filter>Game\Data</Filter>
    </ClInclude>
    <ClInclude Include="src\Game\GameManager\GameManager.h">
      <Filter>Game\GameManager</Filter>
    </ClInclude>
    <ClInclude Include="src\Game\Data\GoodsManager.h">
      <Filter>Game\Data</Filter>
    </ClInclude>
    <ClInclude Include="src\Game\Data\Magic.h">
      <Filter>Game\Data</Filter>
    </ClInclude>
    <ClInclude Include="src\Game\Data\MagicManager.h">
      <Filter>Game\Data</Filter>
    </ClInclude>
    <ClInclude Include="src\Component\MemoText.h">
      <Filter>Component</Filter>
    </ClInclude>
    <ClInclude Include="src\Game\Menu\MemoMemu.h">
      <Filter>Game\Menu</Filter>
    </ClInclude>
    <ClInclude Include="src\Game\Data\Goods.h">
      <Filter>Game\Data</Filter>
    </ClInclude>
    <ClInclude Include="src\Game\Menu\System.h">
      <Filter>Game\Menu</Filter>
    </ClInclude>
    <ClInclude Include="src\Game\GameManager\MenuController.h">
      <Filter>Game\GameManager</Filter>
    </ClInclude>
    <ClInclude Include="src\Game\Menu\Option.h">
      <Filter>Game\Menu</Filter>
    </ClInclude>
    <ClInclude Include="src\Game\Menu\YesNo.h">
      <Filter>Game\Menu</Filter>
    </ClInclude>
    <ClInclude Include="src\Game\Menu\ToolTip.h">
      <Filter>Game\Menu</Filter>
    </ClInclude>
    <ClInclude Include="src\Game\Menu\Dialog.h">
      <Filter>Game\Menu</Filter>
    </ClInclude>
    <ClInclude Include="src\Game\Menu\BottomMenu.h">
      <Filter>Game\Menu</Filter>
    </ClInclude>
    <ClInclude Include="src\Game\Menu\StateMenu.h">
      <Filter>Game\Menu</Filter>
    </ClInclude>
    <ClInclude Include="src\Game\Menu\ColumnMenu.h">
      <Filter>Game\Menu</Filter>
    </ClInclude>
    <ClInclude Include="src\Component\ColumnImage.h">
      <Filter>Component</Filter>
    </ClInclude>
    <ClInclude Include="src\Game\Menu\EquipMenu.h">
      <Filter>Game\Menu</Filter>
    </ClInclude>
    <ClInclude Include="src\Game\Menu\PracticeMenu.h">
      <Filter>Game\Menu</Filter>
    </ClInclude>
    <ClInclude Include="src\Game\Menu\GoodsMenu.h">
      <Filter>Game\Menu</Filter>
    </ClInclude>
    <ClInclude Include="src\Game\Menu\MagicMenu.h">
      <Filter>Game\Menu</Filter>
    </ClInclude>
    <ClInclude Include="src\Game\Menu\BuySellMenu.h">
      <Filter>Game\Menu</Filter>
    </ClInclude>
    <ClInclude Include="src\Game\Data\PartnerManager.h">
      <Filter>Game\Data</Filter>
    </ClInclude>
    <ClInclude Include="src\Component\TalkLabel.h">
      <Filter>Component</Filter>
    </ClInclude>
    <ClInclude Include="src\Component\FadeMask.h">
      <Filter>Component</Filter>
    </ClInclude>
    <ClInclude Include="src\Game\Menu\MsgBox.h">
      <Filter>Game\Menu</Filter>
    </ClInclude>
    <ClInclude Include="src\Game\Data\CollisionDetector.h">
      <Filter>Game\Data</Filter>
    </ClInclude>
    <ClInclude Include="src\Component\TransImage.h">
      <Filter>Component</Filter>
    </ClInclude>
    <ClInclude Include="src\Game\GameManager\BottomWndController.h">
      <Filter>Game\GameManager</Filter>
    </ClInclude>
    <ClInclude Include="src\Game\GameManager\GameController.h">
      <Filter>Game\GameManager</Filter>
    </ClInclude>
  </ItemGroup>
  <ItemGroup>
    <Resource Include="shf.res">
      <Filter>资源文件</Filter>
    </Resource>
  </ItemGroup>
  <ItemGroup>
    <None Include="src\Game\Script\lua\Makefile">
      <Filter>Game\Script\Lua</Filter>
    </None>
  </ItemGroup>
</Project>